
Microsoft Visual Studio Solution File, Format Version 12.00
# Visual Studio Version 16
VisualStudioVersion = 16.6.30114.105
MinimumVisualStudioVersion = 10.0.40219.1
Project("{6EC3EE1D-3C4E-46DD-8F32-0CC8E7565705}") = "NotificationSenderBackgroundService", "NotificationSenderBackgroundService\NotificationSenderBackgroundService.fsproj", "{9E6B43F8-DA8B-4231-A342-E3DAC0ED6C8A}"
EndProject
Project("{F2A71F9B-5D33-465A-A702-920D77279786}") = "NotificationSender", "NotificationSender\NotificationSender.fsproj", "{E4AAEF4F-B3FB-4642-AF35-DC1F6AB88342}"
EndProject
Project("{F2A71F9B-5D33-465A-A702-920D77279786}") = "WebParser", "WebParser\WebParser.fsproj", "{FEB05C69-C8D2-4064-85DE-E010E533BA13}"
EndProject
Project("{F2A71F9B-5D33-465A-A702-920D77279786}") = "WebParser.Tests", "WebParser.Tests\WebParser.Tests.fsproj", "{AAD0ADCC-F749-4812-B5FE-06F8CCE6030F}"
EndProject
Global
	GlobalSection(SolutionConfigurationPlatforms) = preSolution
		Debug|Any CPU = Debug|Any CPU
		Debug|x64 = Debug|x64
		Debug|x86 = Debug|x86
		Release|Any CPU = Release|Any CPU
		Release|x64 = Release|x64
		Release|x86 = Release|x86
	EndGlobalSection
	GlobalSection(ProjectConfigurationPlatforms) = postSolution
		{9E6B43F8-DA8B-4231-A342-E3DAC0ED6C8A}.Debug|Any CPU.ActiveCfg = Debug|Any CPU
		{9E6B43F8-DA8B-4231-A342-E3DAC0ED6C8A}.Debug|Any CPU.Build.0 = Debug|Any CPU
		{9E6B43F8-DA8B-4231-A342-E3DAC0ED6C8A}.Debug|x64.ActiveCfg = Debug|Any CPU
		{9E6B43F8-DA8B-4231-A342-E3DAC0ED6C8A}.Debug|x64.Build.0 = Debug|Any CPU
		{9E6B43F8-DA8B-4231-A342-E3DAC0ED6C8A}.Debug|x86.ActiveCfg = Debug|Any CPU
		{9E6B43F8-DA8B-4231-A342-E3DAC0ED6C8A}.Debug|x86.Build.0 = Debug|Any CPU
		{9E6B43F8-DA8B-4231-A342-E3DAC0ED6C8A}.Release|Any CPU.ActiveCfg = Release|Any CPU
		{9E6B43F8-DA8B-4231-A342-E3DAC0ED6C8A}.Release|Any CPU.Build.0 = Release|Any CPU
		{9E6B43F8-DA8B-4231-A342-E3DAC0ED6C8A}.Release|x64.ActiveCfg = Release|Any CPU
		{9E6B43F8-DA8B-4231-A342-E3DAC0ED6C8A}.Release|x64.Build.0 = Release|Any CPU
		{9E6B43F8-DA8B-4231-A342-E3DAC0ED6C8A}.Release|x86.ActiveCfg = Release|Any CPU
		{9E6B43F8-DA8B-4231-A342-E3DAC0ED6C8A}.Release|x86.Build.0 = Release|Any CPU
		{E4AAEF4F-B3FB-4642-AF35-DC1F6AB88342}.Debug|Any CPU.ActiveCfg = Debug|Any CPU
		{E4AAEF4F-B3FB-4642-AF35-DC1F6AB88342}.Debug|Any CPU.Build.0 = Debug|Any CPU
		{E4AAEF4F-B3FB-4642-AF35-DC1F6AB88342}.Debug|x64.ActiveCfg = Debug|Any CPU
		{E4AAEF4F-B3FB-4642-AF35-DC1F6AB88342}.Debug|x64.Build.0 = Debug|Any CPU
		{E4AAEF4F-B3FB-4642-AF35-DC1F6AB88342}.Debug|x86.ActiveCfg = Debug|Any CPU
		{E4AAEF4F-B3FB-4642-AF35-DC1F6AB88342}.Debug|x86.Build.0 = Debug|Any CPU
		{E4AAEF4F-B3FB-4642-AF35-DC1F6AB88342}.Release|Any CPU.ActiveCfg = Release|Any CPU
		{E4AAEF4F-B3FB-4642-AF35-DC1F6AB88342}.Release|Any CPU.Build.0 = Release|Any CPU
		{E4AAEF4F-B3FB-4642-AF35-DC1F6AB88342}.Release|x64.ActiveCfg = Release|Any CPU
		{E4AAEF4F-B3FB-4642-AF35-DC1F6AB88342}.Release|x64.Build.0 = Release|Any CPU
		{E4AAEF4F-B3FB-4642-AF35-DC1F6AB88342}.Release|x86.ActiveCfg = Release|Any CPU
		{E4AAEF4F-B3FB-4642-AF35-DC1F6AB88342}.Release|x86.Build.0 = Release|Any CPU
		{FEB05C69-C8D2-4064-85DE-E010E533BA13}.Debug|Any CPU.ActiveCfg = Debug|Any CPU
		{FEB05C69-C8D2-4064-85DE-E010E533BA13}.Debug|Any CPU.Build.0 = Debug|Any CPU
		{FEB05C69-C8D2-4064-85DE-E010E533BA13}.Debug|x64.ActiveCfg = Debug|Any CPU
		{FEB05C69-C8D2-4064-85DE-E010E533BA13}.Debug|x64.Build.0 = Debug|Any CPU
		{FEB05C69-C8D2-4064-85DE-E010E533BA13}.Debug|x86.ActiveCfg = Debug|Any CPU
		{FEB05C69-C8D2-4064-85DE-E010E533BA13}.Debug|x86.Build.0 = Debug|Any CPU
		{FEB05C69-C8D2-4064-85DE-E010E533BA13}.Release|Any CPU.ActiveCfg = Release|Any CPU
		{FEB05C69-C8D2-4064-85DE-E010E533BA13}.Release|Any CPU.Build.0 = Release|Any CPU
		{FEB05C69-C8D2-4064-85DE-E010E533BA13}.Release|x64.ActiveCfg = Release|Any CPU
		{FEB05C69-C8D2-4064-85DE-E010E533BA13}.Release|x64.Build.0 = Release|Any CPU
		{FEB05C69-C8D2-4064-85DE-E010E533BA13}.Release|x86.ActiveCfg = Release|Any CPU
		{FEB05C69-C8D2-4064-85DE-E010E533BA13}.Release|x86.Build.0 = Release|Any CPU
		{AAD0ADCC-F749-4812-B5FE-06F8CCE6030F}.Debug|Any CPU.ActiveCfg = Debug|Any CPU
		{AAD0ADCC-F749-4812-B5FE-06F8CCE6030F}.Debug|Any CPU.Build.0 = Debug|Any CPU
		{AAD0ADCC-F749-4812-B5FE-06F8CCE6030F}.Debug|x64.ActiveCfg = Debug|Any CPU
		{AAD0ADCC-F749-4812-B5FE-06F8CCE6030F}.Debug|x64.Build.0 = Debug|Any CPU
		{AAD0ADCC-F749-4812-B5FE-06F8CCE6030F}.Debug|x86.ActiveCfg = Debug|Any CPU
		{AAD0ADCC-F749-4812-B5FE-06F8CCE6030F}.Debug|x86.Build.0 = Debug|Any CPU
		{AAD0ADCC-F749-4812-B5FE-06F8CCE6030F}.Release|Any CPU.ActiveCfg = Release|Any CPU
		{AAD0ADCC-F749-4812-B5FE-06F8CCE6030F}.Release|Any CPU.Build.0 = Release|Any CPU
		{AAD0ADCC-F749-4812-B5FE-06F8CCE6030F}.Release|x64.ActiveCfg = Release|Any CPU
		{AAD0ADCC-F749-4812-B5FE-06F8CCE6030F}.Release|x64.Build.0 = Release|Any CPU
		{AAD0ADCC-F749-4812-B5FE-06F8CCE6030F}.Release|x86.ActiveCfg = Release|Any CPU
		{AAD0ADCC-F749-4812-B5FE-06F8CCE6030F}.Release|x86.Build.0 = Release|Any CPU
	EndGlobalSection
	GlobalSection(SolutionProperties) = preSolution
		HideSolutionNode = FALSE
	EndGlobalSection
	GlobalSection(ExtensibilityGlobals) = postSolution
		SolutionGuid = {D2CFB9B3-B770-43EA-9362-1A76109EAA90}
	EndGlobalSection
EndGlobal
